// !$*UTF8*$!
{
	archiveVersion = 1;
	classes = {
	};
	objectVersion = 46;
	objects = {

/* Begin PBXAggregateTarget section */
		2A0CF3AA1B57409FACC5B2AA /* ALL_BUILD */ = {
			isa = PBXAggregateTarget;
			buildConfigurationList = 7DBE8742832A4008B65239EA /* Build configuration list for PBXAggregateTarget "ALL_BUILD" */;
			buildPhases = (
				CEBC9A968FF048468104771A /* CMake Rules */,
			);
			dependencies = (
				93A5F7AD2D024F3299FA6945 /* PBXTargetDependency */,
				4E9EBA8F838149C08EA60460 /* PBXTargetDependency */,
			);
			name = ALL_BUILD;
			productName = ALL_BUILD;
		};
		A8EFD760345B4D4CBE2F4ABE /* ZERO_CHECK */ = {
			isa = PBXAggregateTarget;
			buildConfigurationList = B38A01238FCD41A9A5723259 /* Build configuration list for PBXAggregateTarget "ZERO_CHECK" */;
			buildPhases = (
				A195B260CA2645EF91AB5FEC /* CMake Rules */,
			);
			dependencies = (
			);
			name = ZERO_CHECK;
			productName = ZERO_CHECK;
		};
/* End PBXAggregateTarget section */

/* Begin PBXBuildFile section */
		581C9A90A67D4C6187884156 /* /Users/Carlos/Udacity/CarND/Term-2/CarND-Unscented-Kalman-Filter-Project/src/main.cpp */ = {isa = PBXBuildFile; fileRef = 21AE909B9CE7402785F0D3A1 /* /Users/Carlos/Udacity/CarND/Term-2/CarND-Unscented-Kalman-Filter-Project/src/main.cpp */; };
		631AA17720C742D6BDB81959 /* /Users/Carlos/Udacity/CarND/Term-2/CarND-Unscented-Kalman-Filter-Project/src/tools.cpp */ = {isa = PBXBuildFile; fileRef = BC1F51C6EE1D4120A9663FEE /* /Users/Carlos/Udacity/CarND/Term-2/CarND-Unscented-Kalman-Filter-Project/src/tools.cpp */; };
		B4B4DDFB77B04FDBBF6F40B1 /* /Users/Carlos/Udacity/CarND/Term-2/CarND-Unscented-Kalman-Filter-Project/src/ukf.cpp */ = {isa = PBXBuildFile; fileRef = 76BFACEF21234205AD923E7D /* /Users/Carlos/Udacity/CarND/Term-2/CarND-Unscented-Kalman-Filter-Project/src/ukf.cpp */; };
		EAB9BBDD44FA4F2185CBEB2E /* /Users/Carlos/Udacity/CarND/Term-2/CarND-Unscented-Kalman-Filter-Project/CMakeLists.txt */ = {isa = PBXBuildFile; fileRef = 77AE26A5459F45119D448136 /* /Users/Carlos/Udacity/CarND/Term-2/CarND-Unscented-Kalman-Filter-Project/CMakeLists.txt */; };
/* End PBXBuildFile section */

/* Begin PBXBuildStyle section */
		99BF7202EB49459494CB4FEB /* MinSizeRel */ = {
			isa = PBXBuildStyle;
			buildSettings = {
				COPY_PHASE_STRIP = NO;
			};
			name = MinSizeRel;
		};
		A657A30557F44556A0611772 /* RelWithDebInfo */ = {
			isa = PBXBuildStyle;
			buildSettings = {
				COPY_PHASE_STRIP = NO;
			};
			name = RelWithDebInfo;
		};
		CFEAE00FA905415D8B538C55 /* Release */ = {
			isa = PBXBuildStyle;
			buildSettings = {
				COPY_PHASE_STRIP = NO;
			};
			name = Release;
		};
		D411F905CB224B8D8F5AA5F0 /* Debug */ = {
			isa = PBXBuildStyle;
			buildSettings = {
				COPY_PHASE_STRIP = NO;
			};
			name = Debug;
		};
		EA4D53B42B2546369498392D = {
			isa = PBXBuildStyle;
		};
/* End PBXBuildStyle section */

/* Begin PBXContainerItemProxy section */
		3466863090C94E3FA6341636 /* PBXContainerItemProxy */ = {
			isa = PBXContainerItemProxy;
			containerPortal = 2767260B71A743F6B604C071 /* Project object */;
			proxyType = 1;
			remoteGlobalIDString = 8CDCE3AD67214ECABBB1F2D7;
			remoteInfo = UnscentedKF;
		};
		3A1A04BA86694A65AE2CFDA1 /* PBXContainerItemProxy */ = {
			isa = PBXContainerItemProxy;
			containerPortal = 2767260B71A743F6B604C071 /* Project object */;
			proxyType = 1;
			remoteGlobalIDString = A8EFD760345B4D4CBE2F4ABE;
			remoteInfo = ZERO_CHECK;
		};
		650CBA42235A4D62B393E0FB /* PBXContainerItemProxy */ = {
			isa = PBXContainerItemProxy;
			containerPortal = 2767260B71A743F6B604C071 /* Project object */;
			proxyType = 1;
			remoteGlobalIDString = A8EFD760345B4D4CBE2F4ABE;
			remoteInfo = ZERO_CHECK;
		};
/* End PBXContainerItemProxy section */

/* Begin PBXFileReference section */
		21AE909B9CE7402785F0D3A1 /* /Users/Carlos/Udacity/CarND/Term-2/CarND-Unscented-Kalman-Filter-Project/src/main.cpp */ = {isa = PBXFileReference; explicitFileType = sourcecode.cpp.cpp; fileEncoding = 4; name = main.cpp; path = src/main.cpp; sourceTree = SOURCE_ROOT; };
		3E17B7A22A5D44769D7B28CB /* /Users/Carlos/Udacity/CarND/Term-2/CarND-Unscented-Kalman-Filter-Project/CMakeLists.txt */ = {isa = PBXFileReference; explicitFileType = sourcecode.text; fileEncoding = 4; name = CMakeLists.txt; path = CMakeLists.txt; sourceTree = SOURCE_ROOT; };
		755629B09CE74F8A9FB5F18A /* UnscentedKF */ = {isa = PBXFileReference; explicitFileType = "compiled.mach-o.executable"; path = UnscentedKF; sourceTree = BUILT_PRODUCTS_DIR; };
		76BFACEF21234205AD923E7D /* /Users/Carlos/Udacity/CarND/Term-2/CarND-Unscented-Kalman-Filter-Project/src/ukf.cpp */ = {isa = PBXFileReference; explicitFileType = sourcecode.cpp.cpp; fileEncoding = 4; name = ukf.cpp; path = src/ukf.cpp; sourceTree = SOURCE_ROOT; };
		77AE26A5459F45119D448136 /* /Users/Carlos/Udacity/CarND/Term-2/CarND-Unscented-Kalman-Filter-Project/CMakeLists.txt */ = {isa = PBXFileReference; explicitFileType = sourcecode.text; fileEncoding = 4; name = CMakeLists.txt; path = CMakeLists.txt; sourceTree = SOURCE_ROOT; };
		A300D5B1B2344225B9B2834C /* /Users/Carlos/Udacity/CarND/Term-2/CarND-Unscented-Kalman-Filter-Project/CMakeLists.txt */ = {isa = PBXFileReference; explicitFileType = sourcecode.text; fileEncoding = 4; name = CMakeLists.txt; path = CMakeLists.txt; sourceTree = SOURCE_ROOT; };
		BC1F51C6EE1D4120A9663FEE /* /Users/Carlos/Udacity/CarND/Term-2/CarND-Unscented-Kalman-Filter-Project/src/tools.cpp */ = {isa = PBXFileReference; explicitFileType = sourcecode.cpp.cpp; fileEncoding = 4; name = tools.cpp; path = src/tools.cpp; sourceTree = SOURCE_ROOT; };
/* End PBXFileReference section */

/* Begin PBXGroup section */
		04F9D1A2364142D0B1354B5F /* Products */ = {
			isa = PBXGroup;
			children = (
				755629B09CE74F8A9FB5F18A /* UnscentedKF */,
			);
			name = Products;
			sourceTree = "<group>";
		};
		095DC69097EF4B9E8E72BE64 /* Resources */ = {
			isa = PBXGroup;
			children = (
			);
			name = Resources;
			sourceTree = "<group>";
		};
		0C987C313DA94CB4B6E264C2 /* ZERO_CHECK */ = {
			isa = PBXGroup;
			children = (
				370AE94A8A1447CBBDDCB470 /* CMake Rules */,
				3E17B7A22A5D44769D7B28CB /* /Users/Carlos/Udacity/CarND/Term-2/CarND-Unscented-Kalman-Filter-Project/CMakeLists.txt */,
			);
			name = ZERO_CHECK;
			sourceTree = "<group>";
		};
		251FD9B8B2684CBDA5972DF0 /* Sources */ = {
			isa = PBXGroup;
			children = (
				382527D670604C8F9EE35225 /* UnscentedKF */,
				C440E862A48C4AE288E52847 /* ALL_BUILD */,
				0C987C313DA94CB4B6E264C2 /* ZERO_CHECK */,
			);
			name = Sources;
			sourceTree = "<group>";
		};
		370AE94A8A1447CBBDDCB470 /* CMake Rules */ = {
			isa = PBXGroup;
			children = (
			);
			name = "CMake Rules";
			sourceTree = "<group>";
		};
		382527D670604C8F9EE35225 /* UnscentedKF */ = {
			isa = PBXGroup;
			children = (
				4773D358BF1E4D1084308596 /* Source Files */,
				77AE26A5459F45119D448136 /* /Users/Carlos/Udacity/CarND/Term-2/CarND-Unscented-Kalman-Filter-Project/CMakeLists.txt */,
			);
			name = UnscentedKF;
			sourceTree = "<group>";
		};
		4773D358BF1E4D1084308596 /* Source Files */ = {
			isa = PBXGroup;
			children = (
				21AE909B9CE7402785F0D3A1 /* /Users/Carlos/Udacity/CarND/Term-2/CarND-Unscented-Kalman-Filter-Project/src/main.cpp */,
				BC1F51C6EE1D4120A9663FEE /* /Users/Carlos/Udacity/CarND/Term-2/CarND-Unscented-Kalman-Filter-Project/src/tools.cpp */,
				76BFACEF21234205AD923E7D /* /Users/Carlos/Udacity/CarND/Term-2/CarND-Unscented-Kalman-Filter-Project/src/ukf.cpp */,
			);
			name = "Source Files";
			sourceTree = "<group>";
		};
		576FDD39FD4D4D6E9F836C21 /* CMake Rules */ = {
			isa = PBXGroup;
			children = (
			);
			name = "CMake Rules";
			sourceTree = "<group>";
		};
		703706637D8D4286B454430F = {
			isa = PBXGroup;
			children = (
				251FD9B8B2684CBDA5972DF0 /* Sources */,
				095DC69097EF4B9E8E72BE64 /* Resources */,
				04F9D1A2364142D0B1354B5F /* Products */,
			);
			sourceTree = "<group>";
		};
		C440E862A48C4AE288E52847 /* ALL_BUILD */ = {
			isa = PBXGroup;
			children = (
				576FDD39FD4D4D6E9F836C21 /* CMake Rules */,
				A300D5B1B2344225B9B2834C /* /Users/Carlos/Udacity/CarND/Term-2/CarND-Unscented-Kalman-Filter-Project/CMakeLists.txt */,
			);
			name = ALL_BUILD;
			sourceTree = "<group>";
		};
/* End PBXGroup section */

/* Begin PBXNativeTarget section */
		8CDCE3AD67214ECABBB1F2D7 /* UnscentedKF */ = {
			isa = PBXNativeTarget;
			buildConfigurationList = FF76654D0AA24CD9B208391D /* Build configuration list for PBXNativeTarget "UnscentedKF" */;
			buildPhases = (
				7EBA665A7D87466E847561B9 /* Sources */,
			);
			buildRules = (
			);
			dependencies = (
				1E3414BBF9B748B18A319C04 /* PBXTargetDependency */,
			);
			name = UnscentedKF;
			productName = UnscentedKF;
			productReference = 755629B09CE74F8A9FB5F18A /* UnscentedKF */;
			productType = "com.apple.product-type.tool";
		};
/* End PBXNativeTarget section */

/* Begin PBXProject section */
		2767260B71A743F6B604C071 /* Project object */ = {
			isa = PBXProject;
			attributes = {
				BuildIndependentTargetsInParallel = YES;
				LastUpgradeCheck = 0730;
			};
			buildConfigurationList = 823C980B1BC843249F91EF18 /* Build configuration list for PBXProject "UnscentedKF" */;
			buildSettings = {
			};
			buildStyles = (
				D411F905CB224B8D8F5AA5F0 /* Debug */,
				CFEAE00FA905415D8B538C55 /* Release */,
				99BF7202EB49459494CB4FEB /* MinSizeRel */,
				A657A30557F44556A0611772 /* RelWithDebInfo */,
			);
			compatibilityVersion = "Xcode 3.2";
			hasScannedForEncodings = 0;
			mainGroup = 703706637D8D4286B454430F;
			projectDirPath = .;
			projectRoot = "";
			targets = (
				2A0CF3AA1B57409FACC5B2AA /* ALL_BUILD */,
				8CDCE3AD67214ECABBB1F2D7 /* UnscentedKF */,
				A8EFD760345B4D4CBE2F4ABE /* ZERO_CHECK */,
			);
		};
/* End PBXProject section */

/* Begin PBXShellScriptBuildPhase section */
		0C500D879ADD41FDBB52482C = {
			isa = PBXShellScriptBuildPhase;
			buildActionMask = 2147483647;
			files = (
			);
			inputPaths = (
			);
			outputPaths = (
			);
			runOnlyForDeploymentPostprocessing = 0;
			shellPath = /bin/sh;
			shellScript = "# shell script goes here
exit 0";
			showEnvVarsInLog = 0;
		};
		A195B260CA2645EF91AB5FEC /* CMake Rules */ = {
			isa = PBXShellScriptBuildPhase;
			buildActionMask = 2147483647;
			files = (
			);
			name = "CMake Rules";
			runOnlyForDeploymentPostprocessing = 0;
			shellPath = /bin/sh;
			shellScript = "make -C /Users/Carlos/Udacity/CarND/Term-2/CarND-Unscented-Kalman-Filter-Project -f /Users/Carlos/Udacity/CarND/Term-2/CarND-Unscented-Kalman-Filter-Project/CMakeScripts/ZERO_CHECK_cmakeRulesBuildPhase.make$CONFIGURATION all";
			showEnvVarsInLog = 0;
		};
		B150DB6FC702484999259B6D = {
			isa = PBXShellScriptBuildPhase;
			buildActionMask = 2147483647;
			files = (
			);
			inputPaths = (
			);
			outputPaths = (
			);
			runOnlyForDeploymentPostprocessing = 0;
			shellPath = /bin/sh;
			shellScript = "# shell script goes here
exit 0";
			showEnvVarsInLog = 0;
		};
		CEBC9A968FF048468104771A /* CMake Rules */ = {
			isa = PBXShellScriptBuildPhase;
			buildActionMask = 2147483647;
			files = (
			);
			name = "CMake Rules";
			runOnlyForDeploymentPostprocessing = 0;
			shellPath = /bin/sh;
			shellScript = "make -C /Users/Carlos/Udacity/CarND/Term-2/CarND-Unscented-Kalman-Filter-Project -f /Users/Carlos/Udacity/CarND/Term-2/CarND-Unscented-Kalman-Filter-Project/CMakeScripts/ALL_BUILD_cmakeRulesBuildPhase.make$CONFIGURATION all";
			showEnvVarsInLog = 0;
		};
/* End PBXShellScriptBuildPhase section */

/* Begin PBXSourcesBuildPhase section */
		7EBA665A7D87466E847561B9 /* Sources */ = {
			isa = PBXSourcesBuildPhase;
			buildActionMask = 2147483647;
			files = (
				581C9A90A67D4C6187884156 /* /Users/Carlos/Udacity/CarND/Term-2/CarND-Unscented-Kalman-Filter-Project/src/main.cpp */,
				631AA17720C742D6BDB81959 /* /Users/Carlos/Udacity/CarND/Term-2/CarND-Unscented-Kalman-Filter-Project/src/tools.cpp */,
				B4B4DDFB77B04FDBBF6F40B1 /* /Users/Carlos/Udacity/CarND/Term-2/CarND-Unscented-Kalman-Filter-Project/src/ukf.cpp */,
			);
			runOnlyForDeploymentPostprocessing = 0;
		};
/* End PBXSourcesBuildPhase section */

/* Begin PBXTargetDependency section */
		1E3414BBF9B748B18A319C04 /* PBXTargetDependency */ = {
			isa = PBXTargetDependency;
			target = A8EFD760345B4D4CBE2F4ABE /* ZERO_CHECK */;
			targetProxy = 650CBA42235A4D62B393E0FB /* PBXContainerItemProxy */;
		};
		4E9EBA8F838149C08EA60460 /* PBXTargetDependency */ = {
			isa = PBXTargetDependency;
			target = A8EFD760345B4D4CBE2F4ABE /* ZERO_CHECK */;
			targetProxy = 3A1A04BA86694A65AE2CFDA1 /* PBXContainerItemProxy */;
		};
		93A5F7AD2D024F3299FA6945 /* PBXTargetDependency */ = {
			isa = PBXTargetDependency;
			target = 8CDCE3AD67214ECABBB1F2D7 /* UnscentedKF */;
			targetProxy = 3466863090C94E3FA6341636 /* PBXContainerItemProxy */;
		};
/* End PBXTargetDependency section */

/* Begin XCBuildConfiguration section */
		0C524212D2C54EDBA7C2AC64 /* MinSizeRel */ = {
			isa = XCBuildConfiguration;
			buildSettings = {
				COMBINE_HIDPI_IMAGES = YES;
				GCC_GENERATE_DEBUGGING_SYMBOLS = YES;
				GCC_INLINES_ARE_PRIVATE_EXTERN = NO;
				GCC_OPTIMIZATION_LEVEL = 0;
				GCC_PREPROCESSOR_DEFINITIONS = ("'CMAKE_INTDIR=\"$(CONFIGURATION)$(EFFECTIVE_PLATFORM_NAME)\"'");
				GCC_SYMBOLS_PRIVATE_EXTERN = NO;
				HEADER_SEARCH_PATHS = (/usr/local/include,/usr/local/opt/openssl/include);
				INSTALL_PATH = "";
				OTHER_LDFLAGS = " ";
				OTHER_REZFLAGS = "";
				PRODUCT_NAME = ZERO_CHECK;
				SECTORDER_FLAGS = "";
				SYMROOT = "/Users/Carlos/Udacity/CarND/Term-2/CarND-Unscented-Kalman-Filter-Project";
				USE_HEADERMAP = NO;
				WARNING_CFLAGS = ("-Wmost","-Wno-four-char-constants","-Wno-unknown-pragmas","$(inherited)");
			};
			name = MinSizeRel;
		};
		2E5D36BD640B45E88D85D7B5 /* RelWithDebInfo */ = {
			isa = XCBuildConfiguration;
			buildSettings = {
				COMBINE_HIDPI_IMAGES = YES;
				GCC_GENERATE_DEBUGGING_SYMBOLS = YES;
				GCC_INLINES_ARE_PRIVATE_EXTERN = NO;
				GCC_OPTIMIZATION_LEVEL = 0;
				GCC_PREPROCESSOR_DEFINITIONS = ("'CMAKE_INTDIR=\"$(CONFIGURATION)$(EFFECTIVE_PLATFORM_NAME)\"'");
				GCC_SYMBOLS_PRIVATE_EXTERN = NO;
				HEADER_SEARCH_PATHS = (/usr/local/include,/usr/local/opt/openssl/include);
				INSTALL_PATH = "";
				OTHER_LDFLAGS = " ";
				OTHER_REZFLAGS = "";
				PRODUCT_NAME = ZERO_CHECK;
				SECTORDER_FLAGS = "";
				SYMROOT = "/Users/Carlos/Udacity/CarND/Term-2/CarND-Unscented-Kalman-Filter-Project";
				USE_HEADERMAP = NO;
				WARNING_CFLAGS = ("-Wmost","-Wno-four-char-constants","-Wno-unknown-pragmas","$(inherited)");
			};
			name = RelWithDebInfo;
		};
		2F20FCD375F247F492CC47B6 /* RelWithDebInfo */ = {
			isa = XCBuildConfiguration;
			buildSettings = {
				COMBINE_HIDPI_IMAGES = YES;
				GCC_GENERATE_DEBUGGING_SYMBOLS = YES;
				GCC_INLINES_ARE_PRIVATE_EXTERN = NO;
				GCC_OPTIMIZATION_LEVEL = 0;
				GCC_PREPROCESSOR_DEFINITIONS = ("'CMAKE_INTDIR=\"$(CONFIGURATION)$(EFFECTIVE_PLATFORM_NAME)\"'");
				GCC_SYMBOLS_PRIVATE_EXTERN = NO;
				HEADER_SEARCH_PATHS = (/usr/local/include,/usr/local/opt/openssl/include);
				INSTALL_PATH = "";
				OTHER_LDFLAGS = " ";
				OTHER_REZFLAGS = "";
				PRODUCT_NAME = ALL_BUILD;
				SECTORDER_FLAGS = "";
				SYMROOT = "/Users/Carlos/Udacity/CarND/Term-2/CarND-Unscented-Kalman-Filter-Project";
				USE_HEADERMAP = NO;
				WARNING_CFLAGS = ("-Wmost","-Wno-four-char-constants","-Wno-unknown-pragmas","$(inherited)");
			};
			name = RelWithDebInfo;
		};
		3C0D3ECAEE9E424E94C910A1 /* MinSizeRel */ = {
			isa = XCBuildConfiguration;
			buildSettings = {
				COMBINE_HIDPI_IMAGES = YES;
				EXECUTABLE_PREFIX = "";
				EXECUTABLE_SUFFIX = "";
				GCC_GENERATE_DEBUGGING_SYMBOLS = NO;
				GCC_INLINES_ARE_PRIVATE_EXTERN = NO;
				GCC_OPTIMIZATION_LEVEL = s;
				GCC_PREPROCESSOR_DEFINITIONS = ("'CMAKE_INTDIR=\"$(CONFIGURATION)$(EFFECTIVE_PLATFORM_NAME)\"'");
				GCC_SYMBOLS_PRIVATE_EXTERN = NO;
				HEADER_SEARCH_PATHS = (/usr/local/include,/usr/local/opt/openssl/include);
				INSTALL_PATH = "";
				LD_RUNPATH_SEARCH_PATHS = "/usr/local/lib /usr/local/opt/openssl/lib /usr/local/Cellar/libuv/1.11.0/lib";
				LIBRARY_SEARCH_PATHS = " /usr/local/lib/$(CONFIGURATION)$(EFFECTIVE_PLATFORM_NAME) /usr/local/lib /usr/local/opt/openssl/lib/$(CONFIGURATION)$(EFFECTIVE_PLATFORM_NAME) /usr/local/opt/openssl/lib /usr/local/Cellar/libuv/1.11.0/lib/$(CONFIGURATION)$(EFFECTIVE_PLATFORM_NAME) /usr/local/Cellar/libuv/1.11.0/lib";
				OTHER_CPLUSPLUSFLAGS = "    -DNDEBUG   -std=c++11";
				OTHER_LDFLAGS = " -Wl,-search_paths_first -Wl,-headerpad_max_install_names  -lz -lssl -luv -luWS";
				OTHER_REZFLAGS = "";
				PRODUCT_NAME = UnscentedKF;
				SECTORDER_FLAGS = "";
				SYMROOT = "/Users/Carlos/Udacity/CarND/Term-2/CarND-Unscented-Kalman-Filter-Project";
				USE_HEADERMAP = NO;
				WARNING_CFLAGS = ("-Wmost","-Wno-four-char-constants","-Wno-unknown-pragmas","$(inherited)");
			};
			name = MinSizeRel;
		};
		3CE88700228B439B92CF4D97 /* RelWithDebInfo */ = {
			isa = XCBuildConfiguration;
			buildSettings = {
				ONLY_ACTIVE_ARCH = YES;
				SDKROOT = /Applications/Xcode.app/Contents/Developer/Platforms/MacOSX.platform/Developer/SDKs/MacOSX10.11.sdk;
				SYMROOT = "/Users/Carlos/Udacity/CarND/Term-2/CarND-Unscented-Kalman-Filter-Project/build";
			};
			name = RelWithDebInfo;
		};
		3F81CF296EA745F684B68FD7 /* MinSizeRel */ = {
			isa = XCBuildConfiguration;
			buildSettings = {
				COMBINE_HIDPI_IMAGES = YES;
				GCC_GENERATE_DEBUGGING_SYMBOLS = YES;
				GCC_INLINES_ARE_PRIVATE_EXTERN = NO;
				GCC_OPTIMIZATION_LEVEL = 0;
				GCC_PREPROCESSOR_DEFINITIONS = ("'CMAKE_INTDIR=\"$(CONFIGURATION)$(EFFECTIVE_PLATFORM_NAME)\"'");
				GCC_SYMBOLS_PRIVATE_EXTERN = NO;
				HEADER_SEARCH_PATHS = (/usr/local/include,/usr/local/opt/openssl/include);
				INSTALL_PATH = "";
				OTHER_LDFLAGS = " ";
				OTHER_REZFLAGS = "";
				PRODUCT_NAME = ALL_BUILD;
				SECTORDER_FLAGS = "";
				SYMROOT = "/Users/Carlos/Udacity/CarND/Term-2/CarND-Unscented-Kalman-Filter-Project";
				USE_HEADERMAP = NO;
				WARNING_CFLAGS = ("-Wmost","-Wno-four-char-constants","-Wno-unknown-pragmas","$(inherited)");
			};
			name = MinSizeRel;
		};
		53234B453F9C4BF0AF401F98 /* Debug */ = {
			isa = XCBuildConfiguration;
			buildSettings = {
				COMBINE_HIDPI_IMAGES = YES;
				GCC_GENERATE_DEBUGGING_SYMBOLS = YES;
				GCC_INLINES_ARE_PRIVATE_EXTERN = NO;
				GCC_OPTIMIZATION_LEVEL = 0;
				GCC_PREPROCESSOR_DEFINITIONS = ("'CMAKE_INTDIR=\"$(CONFIGURATION)$(EFFECTIVE_PLATFORM_NAME)\"'");
				GCC_SYMBOLS_PRIVATE_EXTERN = NO;
				HEADER_SEARCH_PATHS = (/usr/local/include,/usr/local/opt/openssl/include);
				INSTALL_PATH = "";
				OTHER_LDFLAGS = " ";
				OTHER_REZFLAGS = "";
				PRODUCT_NAME = ALL_BUILD;
				SECTORDER_FLAGS = "";
				SYMROOT = "/Users/Carlos/Udacity/CarND/Term-2/CarND-Unscented-Kalman-Filter-Project";
				USE_HEADERMAP = NO;
				WARNING_CFLAGS = ("-Wmost","-Wno-four-char-constants","-Wno-unknown-pragmas","$(inherited)");
			};
			name = Debug;
		};
		6ABD5948E88545368B321550 /* Release */ = {
			isa = XCBuildConfiguration;
			buildSettings = {
				ONLY_ACTIVE_ARCH = YES;
				SDKROOT = /Applications/Xcode.app/Contents/Developer/Platforms/MacOSX.platform/Developer/SDKs/MacOSX10.11.sdk;
				SYMROOT = "/Users/Carlos/Udacity/CarND/Term-2/CarND-Unscented-Kalman-Filter-Project/build";
			};
			name = Release;
		};
		766393A4973E4F269CC95A79 /* Release */ = {
			isa = XCBuildConfiguration;
			buildSettings = {
				COMBINE_HIDPI_IMAGES = YES;
				GCC_GENERATE_DEBUGGING_SYMBOLS = YES;
				GCC_INLINES_ARE_PRIVATE_EXTERN = NO;
				GCC_OPTIMIZATION_LEVEL = 0;
				GCC_PREPROCESSOR_DEFINITIONS = ("'CMAKE_INTDIR=\"$(CONFIGURATION)$(EFFECTIVE_PLATFORM_NAME)\"'");
				GCC_SYMBOLS_PRIVATE_EXTERN = NO;
				HEADER_SEARCH_PATHS = (/usr/local/include,/usr/local/opt/openssl/include);
				INSTALL_PATH = "";
				OTHER_LDFLAGS = " ";
				OTHER_REZFLAGS = "";
				PRODUCT_NAME = ALL_BUILD;
				SECTORDER_FLAGS = "";
				SYMROOT = "/Users/Carlos/Udacity/CarND/Term-2/CarND-Unscented-Kalman-Filter-Project";
				USE_HEADERMAP = NO;
				WARNING_CFLAGS = ("-Wmost","-Wno-four-char-constants","-Wno-unknown-pragmas","$(inherited)");
			};
			name = Release;
		};
		95122B7098E34DE5A074B52B /* RelWithDebInfo */ = {
			isa = XCBuildConfiguration;
			buildSettings = {
				COMBINE_HIDPI_IMAGES = YES;
				EXECUTABLE_PREFIX = "";
				EXECUTABLE_SUFFIX = "";
				GCC_GENERATE_DEBUGGING_SYMBOLS = YES;
				GCC_INLINES_ARE_PRIVATE_EXTERN = NO;
				GCC_OPTIMIZATION_LEVEL = 2;
				GCC_PREPROCESSOR_DEFINITIONS = ("'CMAKE_INTDIR=\"$(CONFIGURATION)$(EFFECTIVE_PLATFORM_NAME)\"'");
				GCC_SYMBOLS_PRIVATE_EXTERN = NO;
				HEADER_SEARCH_PATHS = (/usr/local/include,/usr/local/opt/openssl/include);
				INSTALL_PATH = "";
				LD_RUNPATH_SEARCH_PATHS = "/usr/local/lib /usr/local/opt/openssl/lib /usr/local/Cellar/libuv/1.11.0/lib";
				LIBRARY_SEARCH_PATHS = " /usr/local/lib/$(CONFIGURATION)$(EFFECTIVE_PLATFORM_NAME) /usr/local/lib /usr/local/opt/openssl/lib/$(CONFIGURATION)$(EFFECTIVE_PLATFORM_NAME) /usr/local/opt/openssl/lib /usr/local/Cellar/libuv/1.11.0/lib/$(CONFIGURATION)$(EFFECTIVE_PLATFORM_NAME) /usr/local/Cellar/libuv/1.11.0/lib";
				OTHER_CPLUSPLUSFLAGS = "       -DNDEBUG   -std=c++11";
				OTHER_LDFLAGS = " -Wl,-search_paths_first -Wl,-headerpad_max_install_names  -lz -lssl -luv -luWS";
				OTHER_REZFLAGS = "";
				PRODUCT_NAME = UnscentedKF;
				SECTORDER_FLAGS = "";
				SYMROOT = "/Users/Carlos/Udacity/CarND/Term-2/CarND-Unscented-Kalman-Filter-Project";
				USE_HEADERMAP = NO;
				WARNING_CFLAGS = ("-Wmost","-Wno-four-char-constants","-Wno-unknown-pragmas","$(inherited)");
			};
			name = RelWithDebInfo;
		};
		ADA75C6F7D33459D977A2D4A /* Release */ = {
			isa = XCBuildConfiguration;
			buildSettings = {
				COMBINE_HIDPI_IMAGES = YES;
				EXECUTABLE_PREFIX = "";
				EXECUTABLE_SUFFIX = "";
				GCC_GENERATE_DEBUGGING_SYMBOLS = NO;
				GCC_INLINES_ARE_PRIVATE_EXTERN = NO;
				GCC_OPTIMIZATION_LEVEL = 3;
				GCC_PREPROCESSOR_DEFINITIONS = ("'CMAKE_INTDIR=\"$(CONFIGURATION)$(EFFECTIVE_PLATFORM_NAME)\"'");
				GCC_SYMBOLS_PRIVATE_EXTERN = NO;
				HEADER_SEARCH_PATHS = (/usr/local/include,/usr/local/opt/openssl/include);
				INSTALL_PATH = "";
				LD_RUNPATH_SEARCH_PATHS = "/usr/local/lib /usr/local/opt/openssl/lib /usr/local/Cellar/libuv/1.11.0/lib";
				LIBRARY_SEARCH_PATHS = " /usr/local/lib/$(CONFIGURATION)$(EFFECTIVE_PLATFORM_NAME) /usr/local/lib /usr/local/opt/openssl/lib/$(CONFIGURATION)$(EFFECTIVE_PLATFORM_NAME) /usr/local/opt/openssl/lib /usr/local/Cellar/libuv/1.11.0/lib/$(CONFIGURATION)$(EFFECTIVE_PLATFORM_NAME) /usr/local/Cellar/libuv/1.11.0/lib";
				OTHER_CPLUSPLUSFLAGS = "    -DNDEBUG   -std=c++11";
				OTHER_LDFLAGS = " -Wl,-search_paths_first -Wl,-headerpad_max_install_names  -lz -lssl -luv -luWS";
				OTHER_REZFLAGS = "";
				PRODUCT_NAME = UnscentedKF;
				SECTORDER_FLAGS = "";
				SYMROOT = "/Users/Carlos/Udacity/CarND/Term-2/CarND-Unscented-Kalman-Filter-Project";
				USE_HEADERMAP = NO;
				WARNING_CFLAGS = ("-Wmost","-Wno-four-char-constants","-Wno-unknown-pragmas","$(inherited)");
			};
			name = Release;
		};
		BB8163AA78F74B3DA4265975 /* Debug */ = {
			isa = XCBuildConfiguration;
			buildSettings = {
				COMBINE_HIDPI_IMAGES = YES;
				EXECUTABLE_PREFIX = "";
				EXECUTABLE_SUFFIX = "";
				GCC_GENERATE_DEBUGGING_SYMBOLS = YES;
				GCC_INLINES_ARE_PRIVATE_EXTERN = NO;
				GCC_OPTIMIZATION_LEVEL = 0;
				GCC_PREPROCESSOR_DEFINITIONS = ("'CMAKE_INTDIR=\"$(CONFIGURATION)$(EFFECTIVE_PLATFORM_NAME)\"'");
				GCC_SYMBOLS_PRIVATE_EXTERN = NO;
				HEADER_SEARCH_PATHS = (/usr/local/include,/usr/local/opt/openssl/include);
				INSTALL_PATH = "";
				LD_RUNPATH_SEARCH_PATHS = "/usr/local/lib /usr/local/opt/openssl/lib /usr/local/Cellar/libuv/1.11.0/lib";
				LIBRARY_SEARCH_PATHS = " /usr/local/lib/$(CONFIGURATION)$(EFFECTIVE_PLATFORM_NAME) /usr/local/lib /usr/local/opt/openssl/lib/$(CONFIGURATION)$(EFFECTIVE_PLATFORM_NAME) /usr/local/opt/openssl/lib /usr/local/Cellar/libuv/1.11.0/lib/$(CONFIGURATION)$(EFFECTIVE_PLATFORM_NAME) /usr/local/Cellar/libuv/1.11.0/lib";
				OTHER_CPLUSPLUSFLAGS = "     -std=c++11";
				OTHER_LDFLAGS = " -Wl,-search_paths_first -Wl,-headerpad_max_install_names  -lz -lssl -luv -luWS";
				OTHER_REZFLAGS = "";
				PRODUCT_NAME = UnscentedKF;
				SECTORDER_FLAGS = "";
				SYMROOT = "/Users/Carlos/Udacity/CarND/Term-2/CarND-Unscented-Kalman-Filter-Project";
				USE_HEADERMAP = NO;
				WARNING_CFLAGS = ("-Wmost","-Wno-four-char-constants","-Wno-unknown-pragmas","$(inherited)");
			};
			name = Debug;
		};
		D1B10498C039470EA25EE543 /* Debug */ = {
			isa = XCBuildConfiguration;
			buildSettings = {
				COMBINE_HIDPI_IMAGES = YES;
				GCC_GENERATE_DEBUGGING_SYMBOLS = YES;
				GCC_INLINES_ARE_PRIVATE_EXTERN = NO;
				GCC_OPTIMIZATION_LEVEL = 0;
				GCC_PREPROCESSOR_DEFINITIONS = ("'CMAKE_INTDIR=\"$(CONFIGURATION)$(EFFECTIVE_PLATFORM_NAME)\"'");
				GCC_SYMBOLS_PRIVATE_EXTERN = NO;
				HEADER_SEARCH_PATHS = (/usr/local/include,/usr/local/opt/openssl/include);
				INSTALL_PATH = "";
				OTHER_LDFLAGS = " ";
				OTHER_REZFLAGS = "";
				PRODUCT_NAME = ZERO_CHECK;
				SECTORDER_FLAGS = "";
				SYMROOT = "/Users/Carlos/Udacity/CarND/Term-2/CarND-Unscented-Kalman-Filter-Project";
				USE_HEADERMAP = NO;
				WARNING_CFLAGS = ("-Wmost","-Wno-four-char-constants","-Wno-unknown-pragmas","$(inherited)");
			};
			name = Debug;
		};
		E4A1F7995403487B8EEAF722 /* Release */ = {
			isa = XCBuildConfiguration;
			buildSettings = {
				COMBINE_HIDPI_IMAGES = YES;
				GCC_GENERATE_DEBUGGING_SYMBOLS = YES;
				GCC_INLINES_ARE_PRIVATE_EXTERN = NO;
				GCC_OPTIMIZATION_LEVEL = 0;
				GCC_PREPROCESSOR_DEFINITIONS = ("'CMAKE_INTDIR=\"$(CONFIGURATION)$(EFFECTIVE_PLATFORM_NAME)\"'");
				GCC_SYMBOLS_PRIVATE_EXTERN = NO;
				HEADER_SEARCH_PATHS = (/usr/local/include,/usr/local/opt/openssl/include);
				INSTALL_PATH = "";
				OTHER_LDFLAGS = " ";
				OTHER_REZFLAGS = "";
				PRODUCT_NAME = ZERO_CHECK;
				SECTORDER_FLAGS = "";
				SYMROOT = "/Users/Carlos/Udacity/CarND/Term-2/CarND-Unscented-Kalman-Filter-Project";
				USE_HEADERMAP = NO;
				WARNING_CFLAGS = ("-Wmost","-Wno-four-char-constants","-Wno-unknown-pragmas","$(inherited)");
			};
			name = Release;
		};
		EDB4771CF5D74F8D9D09E24C /* MinSizeRel */ = {
			isa = XCBuildConfiguration;
			buildSettings = {
				ONLY_ACTIVE_ARCH = YES;
				SDKROOT = /Applications/Xcode.app/Contents/Developer/Platforms/MacOSX.platform/Developer/SDKs/MacOSX10.11.sdk;
				SYMROOT = "/Users/Carlos/Udacity/CarND/Term-2/CarND-Unscented-Kalman-Filter-Project/build";
			};
			name = MinSizeRel;
		};
		FA00B4D4BBD445E2BDF1FE6A /* Debug */ = {
			isa = XCBuildConfiguration;
			buildSettings = {
				ONLY_ACTIVE_ARCH = YES;
				SDKROOT = /Applications/Xcode.app/Contents/Developer/Platforms/MacOSX.platform/Developer/SDKs/MacOSX10.11.sdk;
				SYMROOT = "/Users/Carlos/Udacity/CarND/Term-2/CarND-Unscented-Kalman-Filter-Project/build";
			};
			name = Debug;
		};
/* End XCBuildConfiguration section */

/* Begin XCConfigurationList section */
		7DBE8742832A4008B65239EA /* Build configuration list for PBXAggregateTarget "ALL_BUILD" */ = {
			isa = XCConfigurationList;
			buildConfigurations = (
				53234B453F9C4BF0AF401F98 /* Debug */,
				766393A4973E4F269CC95A79 /* Release */,
				3F81CF296EA745F684B68FD7 /* MinSizeRel */,
				2F20FCD375F247F492CC47B6 /* RelWithDebInfo */,
			);
			defaultConfigurationIsVisible = 0;
			defaultConfigurationName = Debug;
		};
		823C980B1BC843249F91EF18 /* Build configuration list for PBXProject "UnscentedKF" */ = {
			isa = XCConfigurationList;
			buildConfigurations = (
				FA00B4D4BBD445E2BDF1FE6A /* Debug */,
				6ABD5948E88545368B321550 /* Release */,
				EDB4771CF5D74F8D9D09E24C /* MinSizeRel */,
				3CE88700228B439B92CF4D97 /* RelWithDebInfo */,
			);
			defaultConfigurationIsVisible = 0;
			defaultConfigurationName = Debug;
		};
		B38A01238FCD41A9A5723259 /* Build configuration list for PBXAggregateTarget "ZERO_CHECK" */ = {
			isa = XCConfigurationList;
			buildConfigurations = (
				D1B10498C039470EA25EE543 /* Debug */,
				E4A1F7995403487B8EEAF722 /* Release */,
				0C524212D2C54EDBA7C2AC64 /* MinSizeRel */,
				2E5D36BD640B45E88D85D7B5 /* RelWithDebInfo */,
			);
			defaultConfigurationIsVisible = 0;
			defaultConfigurationName = Debug;
		};
		FF76654D0AA24CD9B208391D /* Build configuration list for PBXNativeTarget "UnscentedKF" */ = {
			isa = XCConfigurationList;
			buildConfigurations = (
				BB8163AA78F74B3DA4265975 /* Debug */,
				ADA75C6F7D33459D977A2D4A /* Release */,
				3C0D3ECAEE9E424E94C910A1 /* MinSizeRel */,
				95122B7098E34DE5A074B52B /* RelWithDebInfo */,
			);
			defaultConfigurationIsVisible = 0;
			defaultConfigurationName = Debug;
		};
/* End XCConfigurationList section */
	};
	rootObject = 2767260B71A743F6B604C071 /* Project object */;
}
